
Microsoft Visual Studio Solution File, Format Version 12.00
# Visual Studio 15
VisualStudioVersion = 15.0.28307.168
MinimumVisualStudioVersion = 10.0.40219.1
Project("{9A19103F-16F7-4668-BE54-9A1E7A4F7556}") = "WZZ", "WZZ\WZZ.csproj", "{FE52C840-7A1C-42B2-8C30-CCC04B2C2FB1}"
EndProject
Project("{FAE04EC0-301F-11D3-BF4B-00C04F79EFBC}") = "BLL", "Test.BLL\BLL.csproj", "{83E7BEC8-1BAA-4646-AE5D-6A750D054D99}"
EndProject
Project("{FAE04EC0-301F-11D3-BF4B-00C04F79EFBC}") = "DAL", "Test.DAL\DAL.csproj", "{B5D2608D-F843-4D32-BCD2-2334CF49D9A5}"
EndProject
Global
	GlobalSection(SolutionConfigurationPlatforms) = preSolution
		Debug|Any CPU = Debug|Any CPU
		Release|Any CPU = Release|Any CPU
	EndGlobalSection
	GlobalSection(ProjectConfigurationPlatforms) = postSolution
		{FE52C840-7A1C-42B2-8C30-CCC04B2C2FB1}.Debug|Any CPU.ActiveCfg = Debug|Any CPU
		{FE52C840-7A1C-42B2-8C30-CCC04B2C2FB1}.Debug|Any CPU.Build.0 = Debug|Any CPU
		{FE52C840-7A1C-42B2-8C30-CCC04B2C2FB1}.Release|Any CPU.ActiveCfg = Release|Any CPU
		{FE52C840-7A1C-42B2-8C30-CCC04B2C2FB1}.Release|Any CPU.Build.0 = Release|Any CPU
		{83E7BEC8-1BAA-4646-AE5D-6A750D054D99}.Debug|Any CPU.ActiveCfg = Debug|Any CPU
		{83E7BEC8-1BAA-4646-AE5D-6A750D054D99}.Debug|Any CPU.Build.0 = Debug|Any CPU
		{83E7BEC8-1BAA-4646-AE5D-6A750D054D99}.Release|Any CPU.ActiveCfg = Release|Any CPU
		{83E7BEC8-1BAA-4646-AE5D-6A750D054D99}.Release|Any CPU.Build.0 = Release|Any CPU
		{B5D2608D-F843-4D32-BCD2-2334CF49D9A5}.Debug|Any CPU.ActiveCfg = Debug|Any CPU
		{B5D2608D-F843-4D32-BCD2-2334CF49D9A5}.Debug|Any CPU.Build.0 = Debug|Any CPU
		{B5D2608D-F843-4D32-BCD2-2334CF49D9A5}.Release|Any CPU.ActiveCfg = Release|Any CPU
		{B5D2608D-F843-4D32-BCD2-2334CF49D9A5}.Release|Any CPU.Build.0 = Release|Any CPU
	EndGlobalSection
	GlobalSection(SolutionProperties) = preSolution
		HideSolutionNode = FALSE
	EndGlobalSection
	GlobalSection(ExtensibilityGlobals) = postSolution
		SolutionGuid = {5E5FD1C7-8754-498D-A4CF-3921141A1589}
	EndGlobalSection
EndGlobal
